
Microsoft Visual Studio Solution File, Format Version 12.00
# Visual Studio Version 17
VisualStudioVersion = 17.0.32112.339
MinimumVisualStudioVersion = 10.0.40219.1
Project("{FAE04EC0-301F-11D3-BF4B-00C04F79EFBC}") = "Reporter", "Reporter\Reporter.csproj", "{B081552B-B7B7-47E0-80F2-157FF895D66A}"
EndProject
Global
	GlobalSection(SolutionConfigurationPlatforms) = preSolution
		Debug|Any CPU = Debug|Any CPU
		Release|Any CPU = Release|Any CPU
	EndGlobalSection
	GlobalSection(ProjectConfigurationPlatforms) = postSolution
		{B081552B-B7B7-47E0-80F2-157FF895D66A}.Debug|Any CPU.ActiveCfg = Debug|Any CPU
		{B081552B-B7B7-47E0-80F2-157FF895D66A}.Debug|Any CPU.Build.0 = Debug|Any CPU
		{B081552B-B7B7-47E0-80F2-157FF895D66A}.Release|Any CPU.ActiveCfg = Release|Any CPU
		{B081552B-B7B7-47E0-80F2-157FF895D66A}.Release|Any CPU.Build.0 = Release|Any CPU
	EndGlobalSection
	GlobalSection(SolutionProperties) = preSolution
		HideSolutionNode = FALSE
	EndGlobalSection
	GlobalSection(ExtensibilityGlobals) = postSolution
		SolutionGuid = {CED5B39F-5F39-4687-A352-66ED33BA329B}
	EndGlobalSection
EndGlobal
